
Microsoft Visual Studio Solution File, Format Version 12.00
# Visual Studio Version 17
VisualStudioVersion = 17.13.35806.99 d17.13
MinimumVisualStudioVersion = 10.0.40219.1
Project("{FAE04EC0-301F-11D3-BF4B-00C04F79EFBC}") = "LoginWebApi", "LoginWebApi\LoginWebApi.csproj", "{59F2DEF7-AF2D-456E-886B-C04D6D27488A}"
EndProject
Global
	GlobalSection(SolutionConfigurationPlatforms) = preSolution
		Debug|Any CPU = Debug|Any CPU
		Release|Any CPU = Release|Any CPU
	EndGlobalSection
	GlobalSection(ProjectConfigurationPlatforms) = postSolution
		{59F2DEF7-AF2D-456E-886B-C04D6D27488A}.Debug|Any CPU.ActiveCfg = Debug|Any CPU
		{59F2DEF7-AF2D-456E-886B-C04D6D27488A}.Debug|Any CPU.Build.0 = Debug|Any CPU
		{59F2DEF7-AF2D-456E-886B-C04D6D27488A}.Release|Any CPU.ActiveCfg = Release|Any CPU
		{59F2DEF7-AF2D-456E-886B-C04D6D27488A}.Release|Any CPU.Build.0 = Release|Any CPU
	EndGlobalSection
	GlobalSection(SolutionProperties) = preSolution
		HideSolutionNode = FALSE
	EndGlobalSection
	GlobalSection(ExtensibilityGlobals) = postSolution
		SolutionGuid = {35815DDE-A8F0-4C16-AAAF-B9DB6D6EBE6D}
	EndGlobalSection
EndGlobal
